PODS:
  - AFNetworking (3.1.0):
    - AFNetworking/NSURLSession (= 3.1.0)
    - AFNetworking/Reachability (= 3.1.0)
    - AFNetworking/Security (= 3.1.0)
    - AFNetworking/Serialization (= 3.1.0)
    - AFNetworking/UIKit (= 3.1.0)
  - AFNetworking/NSURLSession (3.1.0):
    - AFNetworking/Reachability
    - AFNetworking/Security
    - AFNetworking/Serialization
  - AFNetworking/Reachability (3.1.0)
  - AFNetworking/Security (3.1.0)
  - AFNetworking/Serialization (3.1.0)
  - AFNetworking/UIKit (3.1.0):
    - AFNetworking/NSURLSession
  - BoringSSL (9.2):
    - BoringSSL/Implementation (= 9.2)
    - BoringSSL/Interface (= 9.2)
  - BoringSSL/Implementation (9.2):
    - BoringSSL/Interface (= 9.2)
  - BoringSSL/Interface (9.2)
  - CocoaLumberjack (3.2.1):
    - CocoaLumberjack/Default (= 3.2.1)
    - CocoaLumberjack/Extensions (= 3.2.1)
  - CocoaLumberjack/Default (3.2.1)
  - CocoaLumberjack/Extensions (3.2.1):
    - CocoaLumberjack/Default
  - gRPC (1.9.1):
    - gRPC-RxLibrary (= 1.9.1)
    - gRPC/Main (= 1.9.1)
  - gRPC-Core (1.9.1):
    - gRPC-Core/Implementation (= 1.9.1)
    - gRPC-Core/Interface (= 1.9.1)
  - gRPC-Core/Implementation (1.9.1):
    - BoringSSL (~> 9.0)
    - gRPC-Core/Interface (= 1.9.1)
    - nanopb (~> 0.3)
  - gRPC-Core/Interface (1.9.1)
  - gRPC-ProtoRPC (1.9.1):
    - gRPC (= 1.9.1)
    - gRPC-RxLibrary (= 1.9.1)
    - Protobuf (~> 3.0)
  - gRPC-RxLibrary (1.9.1)
  - gRPC/Main (1.9.1):
    - gRPC-Core (= 1.9.1)
    - gRPC-RxLibrary (= 1.9.1)
  - JSONModel (1.7.0)
  - Masonry (1.1.0)
  - MBProgressHUD (1.0.0)
  - nanopb (0.3.8):
    - nanopb/decode (= 0.3.8)
    - nanopb/encode (= 0.3.8)
  - nanopb/decode (0.3.8)
  - nanopb/encode (0.3.8)
  - NJKWebViewProgress (0.2.3):
    - NJKWebViewProgress/Core (= 0.2.3)
    - NJKWebViewProgress/ProgressView (= 0.2.3)
  - NJKWebViewProgress/Core (0.2.3)
  - NJKWebViewProgress/ProgressView (0.2.3)
  - OpenSSL-Universal (1.0.2.14)
  - Protobuf (3.0.0)
  - SDWebImage (4.1.0):
    - SDWebImage/Core (= 4.1.0)
  - SDWebImage/Core (4.1.0)
  - SZTextView (1.3.0)
  - TPKeyboardAvoiding (1.3.1)
  - WebViewJavascriptBridge (6.0.2)

DEPENDENCIES:
  - AFNetworking (~> 3.1.0)
  - BoringSSL (~> 9.2)
  - CocoaLumberjack (~> 3.2.1)
  - gRPC (= 1.9.1)
  - gRPC-ProtoRPC (= 1.9.1)
  - JSONModel (~> 1.7.0)
  - Masonry (~> 1.1.0)
  - MBProgressHUD (~> 1.0.0)
  - NJKWebViewProgress
  - OpenSSL-Universal (from `https://github.com/krzyzanowskim/OpenSSL.git`, branch `master`)
  - Protobuf (= 3.0.0)
  - SDWebImage (~> 4.1.0)
  - SZTextView (~> 1.3.0)
  - TPKeyboardAvoiding (~> 1.3.1)
  - WebViewJavascriptBridge (~> 6.0.2)

EXTERNAL SOURCES:
  OpenSSL-Universal:
    :branch: :master
    :git: https://github.com/krzyzanowskim/OpenSSL.git

CHECKOUT OPTIONS:
  OpenSSL-Universal:
    :commit: b9afecb514be9872fbc028428af2d1e120e9cc4f
    :git: https://github.com/krzyzanowskim/OpenSSL.git

SPEC CHECKSUMS:
  AFNetworking: 0f9f92467cc2ad03ea9961c65bb75028ea4d49a9
  BoringSSL: 07e53de4fff3cb4373be82b12d55fda9aff7adec
  CocoaLumberjack: faa19e2426b97e81b7f8007d37bc8fd693aa366e
  gRPC: 7257174f5f1467b686c80548020c41f433dd9ea3
  gRPC-Core: a2a0e5610dbf914bdb001c99e9a2d0c4e5d0b6d9
  gRPC-ProtoRPC: 14e6f81c847614a3990ad4afb69c86128484dc4b
  gRPC-RxLibrary: cbfa47879ebbe4d28d78628c5e6f382a0ae3ed68
  JSONModel: a3b9097543a777e2a4041a0bb1b80252af9ed566
  Masonry: 1db7cd0e5e34999ac095f67a1d0f7fc664e19140
  MBProgressHUD: 797fffbdf83b36406236328cc560949edd850dcf
  nanopb: 8b984c426125c50cd1b531b17fa8eeda607a609b
  NJKWebViewProgress: 2b63fbc0e8b5210997a8e79702b9a1dcd23ffe0c
  OpenSSL-Universal: 60db51d46fdf2af071f141d9c4fec5430276d3ed
  Protobuf: 5bb6408423b76ceb45aeb6017dcf5aa4864a3243
  SDWebImage: e38485a0612e3f45f1ae2f7bc450b4140fb3da69
  SZTextView: c317aace4926300500789dd10297b33de2c08407
  TPKeyboardAvoiding: a6ba96fbec28ae5dacea11f45132a9d0698e1960
  WebViewJavascriptBridge: 318ccc771d1ad661b9c05b12d70994f725cf0639

PODFILE CHECKSUM: c162b7e842f3c5f18ad15b4384a0359b21547df7

COCOAPODS: 1.2.0
