// !$*UTF8*$!
{
	archiveVersion = 1;
	classes = {
	};
	objectVersion = 48;
	objects = {

/* Begin PBXBuildFile section */
		0BFE87FAA0CE2A2D5E3C6214 /* libPods-TronWallet.a in Frameworks */ = {isa = PBXBuildFile; fileRef = FE13880D14A8B17218729F4C /* libPods-TronWallet.a */; };
		6EA351B920AC7D1500AF1984 /* AppDelegate.m in Sources */ = {isa = PBXBuildFile; fileRef = 6EA351B820AC7D1500AF1984 /* AppDelegate.m */; };
		6EA351BC20AC7D1500AF1984 /* ViewController.m in Sources */ = {isa = PBXBuildFile; fileRef = 6EA351BB20AC7D1500AF1984 /* ViewController.m */; };
		6EA351BF20AC7D1500AF1984 /* Main.storyboard in Resources */ = {isa = PBXBuildFile; fileRef = 6EA351BD20AC7D1500AF1984 /* Main.storyboard */; };
		6EA351C120AC7D1500AF1984 /* Assets.xcassets in Resources */ = {isa = PBXBuildFile; fileRef = 6EA351C020AC7D1500AF1984 /* Assets.xcassets */; };
		6EA351C420AC7D1500AF1984 /* LaunchScreen.storyboard in Resources */ = {isa = PBXBuildFile; fileRef = 6EA351C220AC7D1500AF1984 /* LaunchScreen.storyboard */; };
		6EA351C720AC7D1500AF1984 /* main.m in Sources */ = {isa = PBXBuildFile; fileRef = 6EA351C620AC7D1500AF1984 /* main.m */; };
		6EA351FA20AC82C200AF1984 /* MainInfoViewController.m in Sources */ = {isa = PBXBuildFile; fileRef = 6EA351E720AC82C100AF1984 /* MainInfoViewController.m */; };
		6EA351FB20AC82C200AF1984 /* SettingViewController.m in Sources */ = {isa = PBXBuildFile; fileRef = 6EA351ED20AC82C100AF1984 /* SettingViewController.m */; };
		6EA351FC20AC82C200AF1984 /* WalletViewController.m in Sources */ = {isa = PBXBuildFile; fileRef = 6EA351F320AC82C100AF1984 /* WalletViewController.m */; };
		6EA3520120AC830A00AF1984 /* TWNetworkManager.m in Sources */ = {isa = PBXBuildFile; fileRef = 6EA351FD20AC830900AF1984 /* TWNetworkManager.m */; };
		6EA3520220AC830A00AF1984 /* TWUIInitManager.m in Sources */ = {isa = PBXBuildFile; fileRef = 6EA351FF20AC830A00AF1984 /* TWUIInitManager.m */; };
		6EA3520D20AC848300AF1984 /* libToolKit.a in Frameworks */ = {isa = PBXBuildFile; fileRef = 6EA3520920AC834400AF1984 /* libToolKit.a */; };
/* End PBXBuildFile section */

/* Begin PBXContainerItemProxy section */
		6EA3520820AC834400AF1984 /* PBXContainerItemProxy */ = {
			isa = PBXContainerItemProxy;
			containerPortal = 6EA3520320AC834400AF1984 /* ToolKit.xcodeproj */;
			proxyType = 2;
			remoteGlobalIDString = 6E1CD2971B3BDEE0003E56FF;
			remoteInfo = ToolKit;
		};
		6EA3520A20AC834400AF1984 /* PBXContainerItemProxy */ = {
			isa = PBXContainerItemProxy;
			containerPortal = 6EA3520320AC834400AF1984 /* ToolKit.xcodeproj */;
			proxyType = 2;
			remoteGlobalIDString = 6E1CD2A21B3BDEE0003E56FF;
			remoteInfo = ToolKitTests;
		};
/* End PBXContainerItemProxy section */

/* Begin PBXFileReference section */
		268A9A5C3A78189BCD39F032 /* Pods-TronWallet.release.xcconfig */ = {isa = PBXFileReference; includeInIndex = 1; lastKnownFileType = text.xcconfig; name = "Pods-TronWallet.release.xcconfig"; path = "Pods/Target Support Files/Pods-TronWallet/Pods-TronWallet.release.xcconfig"; sourceTree = "<group>"; };
		6EA351B420AC7D1500AF1984 /* TronWallet.app */ = {isa = PBXFileReference; explicitFileType = wrapper.application; includeInIndex = 0; path = TronWallet.app; sourceTree = BUILT_PRODUCTS_DIR; };
		6EA351B720AC7D1500AF1984 /* AppDelegate.h */ = {isa = PBXFileReference; lastKnownFileType = sourcecode.c.h; path = AppDelegate.h; sourceTree = "<group>"; };
		6EA351B820AC7D1500AF1984 /* AppDelegate.m */ = {isa = PBXFileReference; lastKnownFileType = sourcecode.c.objc; path = AppDelegate.m; sourceTree = "<group>"; };
		6EA351BA20AC7D1500AF1984 /* ViewController.h */ = {isa = PBXFileReference; lastKnownFileType = sourcecode.c.h; path = ViewController.h; sourceTree = "<group>"; };
		6EA351BB20AC7D1500AF1984 /* ViewController.m */ = {isa = PBXFileReference; lastKnownFileType = sourcecode.c.objc; path = ViewController.m; sourceTree = "<group>"; };
		6EA351BE20AC7D1500AF1984 /* Base */ = {isa = PBXFileReference; lastKnownFileType = file.storyboard; name = Base; path = Base.lproj/Main.storyboard; sourceTree = "<group>"; };
		6EA351C020AC7D1500AF1984 /* Assets.xcassets */ = {isa = PBXFileReference; lastKnownFileType = folder.assetcatalog; path = Assets.xcassets; sourceTree = "<group>"; };
		6EA351C320AC7D1500AF1984 /* Base */ = {isa = PBXFileReference; lastKnownFileType = file.storyboard; name = Base; path = Base.lproj/LaunchScreen.storyboard; sourceTree = "<group>"; };
		6EA351C520AC7D1500AF1984 /* Info.plist */ = {isa = PBXFileReference; lastKnownFileType = text.plist.xml; path = Info.plist; sourceTree = "<group>"; };
		6EA351C620AC7D1500AF1984 /* main.m */ = {isa = PBXFileReference; lastKnownFileType = sourcecode.c.objc; path = main.m; sourceTree = "<group>"; };
		6EA351E620AC82C100AF1984 /* MainInfoViewController.h */ = {isa = PBXFileReference; fileEncoding = 4; lastKnownFileType = sourcecode.c.h; path = MainInfoViewController.h; sourceTree = "<group>"; };
		6EA351E720AC82C100AF1984 /* MainInfoViewController.m */ = {isa = PBXFileReference; fileEncoding = 4; lastKnownFileType = sourcecode.c.objc; path = MainInfoViewController.m; sourceTree = "<group>"; };
		6EA351EC20AC82C100AF1984 /* SettingViewController.h */ = {isa = PBXFileReference; fileEncoding = 4; lastKnownFileType = sourcecode.c.h; path = SettingViewController.h; sourceTree = "<group>"; };
		6EA351ED20AC82C100AF1984 /* SettingViewController.m */ = {isa = PBXFileReference; fileEncoding = 4; lastKnownFileType = sourcecode.c.objc; path = SettingViewController.m; sourceTree = "<group>"; };
		6EA351F220AC82C100AF1984 /* WalletViewController.h */ = {isa = PBXFileReference; fileEncoding = 4; lastKnownFileType = sourcecode.c.h; path = WalletViewController.h; sourceTree = "<group>"; };
		6EA351F320AC82C100AF1984 /* WalletViewController.m */ = {isa = PBXFileReference; fileEncoding = 4; lastKnownFileType = sourcecode.c.objc; path = WalletViewController.m; sourceTree = "<group>"; };
		6EA351FD20AC830900AF1984 /* TWNetworkManager.m */ = {isa = PBXFileReference; fileEncoding = 4; lastKnownFileType = sourcecode.c.objc; path = TWNetworkManager.m; sourceTree = "<group>"; };
		6EA351FE20AC830A00AF1984 /* TWNetworkManager.h */ = {isa = PBXFileReference; fileEncoding = 4; lastKnownFileType = sourcecode.c.h; path = TWNetworkManager.h; sourceTree = "<group>"; };
		6EA351FF20AC830A00AF1984 /* TWUIInitManager.m */ = {isa = PBXFileReference; fileEncoding = 4; lastKnownFileType = sourcecode.c.objc; path = TWUIInitManager.m; sourceTree = "<group>"; };
		6EA3520020AC830A00AF1984 /* TWUIInitManager.h */ = {isa = PBXFileReference; fileEncoding = 4; lastKnownFileType = sourcecode.c.h; path = TWUIInitManager.h; sourceTree = "<group>"; };
		6EA3520320AC834400AF1984 /* ToolKit.xcodeproj */ = {isa = PBXFileReference; lastKnownFileType = "wrapper.pb-project"; name = ToolKit.xcodeproj; path = ToolKit/ToolKit.xcodeproj; sourceTree = "<group>"; };
		6EA3520C20AC83DE00AF1984 /* TronWallet.pch */ = {isa = PBXFileReference; lastKnownFileType = sourcecode.c.h; path = TronWallet.pch; sourceTree = "<group>"; };
		88753940E089DDB3C9C183DD /* Pods-TronWallet.debug.xcconfig */ = {isa = PBXFileReference; includeInIndex = 1; lastKnownFileType = text.xcconfig; name = "Pods-TronWallet.debug.xcconfig"; path = "Pods/Target Support Files/Pods-TronWallet/Pods-TronWallet.debug.xcconfig"; sourceTree = "<group>"; };
		FE13880D14A8B17218729F4C /* libPods-TronWallet.a */ = {isa = PBXFileReference; explicitFileType = archive.ar; includeInIndex = 0; path = "libPods-TronWallet.a"; sourceTree = BUILT_PRODUCTS_DIR; };
/* End PBXFileReference section */

/* Begin PBXFrameworksBuildPhase section */
		6EA351B120AC7D1500AF1984 /* Frameworks */ = {
			isa = PBXFrameworksBuildPhase;
			buildActionMask = 2147483647;
			files = (
				6EA3520D20AC848300AF1984 /* libToolKit.a in Frameworks */,
				0BFE87FAA0CE2A2D5E3C6214 /* libPods-TronWallet.a in Frameworks */,
			);
			runOnlyForDeploymentPostprocessing = 0;
		};
/* End PBXFrameworksBuildPhase section */

/* Begin PBXGroup section */
		369EF89A339F1032DF92AC84 /* Pods */ = {
			isa = PBXGroup;
			children = (
				88753940E089DDB3C9C183DD /* Pods-TronWallet.debug.xcconfig */,
				268A9A5C3A78189BCD39F032 /* Pods-TronWallet.release.xcconfig */,
			);
			name = Pods;
			sourceTree = "<group>";
		};
		6EA351AB20AC7D1500AF1984 = {
			isa = PBXGroup;
			children = (
				6EA3520320AC834400AF1984 /* ToolKit.xcodeproj */,
				6EA351B620AC7D1500AF1984 /* TronWallet */,
				6EA351B520AC7D1500AF1984 /* Products */,
				369EF89A339F1032DF92AC84 /* Pods */,
				BB52CC17CCCA6404819481E3 /* Frameworks */,
			);
			sourceTree = "<group>";
		};
		6EA351B520AC7D1500AF1984 /* Products */ = {
			isa = PBXGroup;
			children = (
				6EA351B420AC7D1500AF1984 /* TronWallet.app */,
			);
			name = Products;
			sourceTree = "<group>";
		};
		6EA351B620AC7D1500AF1984 /* TronWallet */ = {
			isa = PBXGroup;
			children = (
				6EA351F820AC82C200AF1984 /* Manager */,
				6EA351E320AC82C100AF1984 /* Pages */,
				6EA351F920AC82C200AF1984 /* Resources */,
				6EA351F720AC82C200AF1984 /* ThirdParty */,
				6EA351F620AC82C100AF1984 /* Utils */,
				6EA351B720AC7D1500AF1984 /* AppDelegate.h */,
				6EA351B820AC7D1500AF1984 /* AppDelegate.m */,
				6EA351BA20AC7D1500AF1984 /* ViewController.h */,
				6EA351BB20AC7D1500AF1984 /* ViewController.m */,
				6EA351BD20AC7D1500AF1984 /* Main.storyboard */,
				6EA351C020AC7D1500AF1984 /* Assets.xcassets */,
				6EA351C220AC7D1500AF1984 /* LaunchScreen.storyboard */,
				6EA351C520AC7D1500AF1984 /* Info.plist */,
				6EA351C620AC7D1500AF1984 /* main.m */,
				6EA3520C20AC83DE00AF1984 /* TronWallet.pch */,
			);
			path = TronWallet;
			sourceTree = "<group>";
		};
		6EA351E320AC82C100AF1984 /* Pages */ = {
			isa = PBXGroup;
			children = (
				6EA351E420AC82C100AF1984 /* Main */,
				6EA351EA20AC82C100AF1984 /* Setting */,
				6EA351F020AC82C100AF1984 /* Wallet */,
			);
			path = Pages;
			sourceTree = "<group>";
		};
		6EA351E420AC82C100AF1984 /* Main */ = {
			isa = PBXGroup;
			children = (
				6EA351E520AC82C100AF1984 /* controller */,
				6EA351E820AC82C100AF1984 /* model */,
				6EA351E920AC82C100AF1984 /* view */,
			);
			path = Main;
			sourceTree = "<group>";
		};
		6EA351E520AC82C100AF1984 /* controller */ = {
			isa = PBXGroup;
			children = (
				6EA351E620AC82C100AF1984 /* MainInfoViewController.h */,
				6EA351E720AC82C100AF1984 /* MainInfoViewController.m */,
			);
			path = controller;
			sourceTree = "<group>";
		};
		6EA351E820AC82C100AF1984 /* model */ = {
			isa = PBXGroup;
			children = (
			);
			path = model;
			sourceTree = "<group>";
		};
		6EA351E920AC82C100AF1984 /* view */ = {
			isa = PBXGroup;
			children = (
			);
			path = view;
			sourceTree = "<group>";
		};
		6EA351EA20AC82C100AF1984 /* Setting */ = {
			isa = PBXGroup;
			children = (
				6EA351EB20AC82C100AF1984 /* controller */,
				6EA351EE20AC82C100AF1984 /* model */,
				6EA351EF20AC82C100AF1984 /* view */,
			);
			path = Setting;
			sourceTree = "<group>";
		};
		6EA351EB20AC82C100AF1984 /* controller */ = {
			isa = PBXGroup;
			children = (
				6EA351EC20AC82C100AF1984 /* SettingViewController.h */,
				6EA351ED20AC82C100AF1984 /* SettingViewController.m */,
			);
			path = controller;
			sourceTree = "<group>";
		};
		6EA351EE20AC82C100AF1984 /* model */ = {
			isa = PBXGroup;
			children = (
			);
			path = model;
			sourceTree = "<group>";
		};
		6EA351EF20AC82C100AF1984 /* view */ = {
			isa = PBXGroup;
			children = (
			);
			path = view;
			sourceTree = "<group>";
		};
		6EA351F020AC82C100AF1984 /* Wallet */ = {
			isa = PBXGroup;
			children = (
				6EA351F120AC82C100AF1984 /* controller */,
				6EA351F420AC82C100AF1984 /* model */,
				6EA351F520AC82C100AF1984 /* view */,
			);
			path = Wallet;
			sourceTree = "<group>";
		};
		6EA351F120AC82C100AF1984 /* controller */ = {
			isa = PBXGroup;
			children = (
				6EA351F220AC82C100AF1984 /* WalletViewController.h */,
				6EA351F320AC82C100AF1984 /* WalletViewController.m */,
			);
			path = controller;
			sourceTree = "<group>";
		};
		6EA351F420AC82C100AF1984 /* model */ = {
			isa = PBXGroup;
			children = (
			);
			path = model;
			sourceTree = "<group>";
		};
		6EA351F520AC82C100AF1984 /* view */ = {
			isa = PBXGroup;
			children = (
			);
			path = view;
			sourceTree = "<group>";
		};
		6EA351F620AC82C100AF1984 /* Utils */ = {
			isa = PBXGroup;
			children = (
			);
			path = Utils;
			sourceTree = "<group>";
		};
		6EA351F720AC82C200AF1984 /* ThirdParty */ = {
			isa = PBXGroup;
			children = (
			);
			path = ThirdParty;
			sourceTree = "<group>";
		};
		6EA351F820AC82C200AF1984 /* Manager */ = {
			isa = PBXGroup;
			children = (
				6EA351FE20AC830A00AF1984 /* TWNetworkManager.h */,
				6EA351FD20AC830900AF1984 /* TWNetworkManager.m */,
				6EA3520020AC830A00AF1984 /* TWUIInitManager.h */,
				6EA351FF20AC830A00AF1984 /* TWUIInitManager.m */,
			);
			path = Manager;
			sourceTree = "<group>";
		};
		6EA351F920AC82C200AF1984 /* Resources */ = {
			isa = PBXGroup;
			children = (
			);
			path = Resources;
			sourceTree = "<group>";
		};
		6EA3520420AC834400AF1984 /* Products */ = {
			isa = PBXGroup;
			children = (
				6EA3520920AC834400AF1984 /* libToolKit.a */,
				6EA3520B20AC834400AF1984 /* ToolKitTests.xctest */,
			);
			name = Products;
			sourceTree = "<group>";
		};
		BB52CC17CCCA6404819481E3 /* Frameworks */ = {
			isa = PBXGroup;
			children = (
				FE13880D14A8B17218729F4C /* libPods-TronWallet.a */,
			);
			name = Frameworks;
			sourceTree = "<group>";
		};
/* End PBXGroup section */

/* Begin PBXNativeTarget section */
		6EA351B320AC7D1500AF1984 /* TronWallet */ = {
			isa = PBXNativeTarget;
			buildConfigurationList = 6EA351CA20AC7D1500AF1984 /* Build configuration list for PBXNativeTarget "TronWallet" */;
			buildPhases = (
				ACFB0BC7AEE20B8FF69FB244 /* [CP] Check Pods Manifest.lock */,
				6EA351B020AC7D1500AF1984 /* Sources */,
				6EA351B120AC7D1500AF1984 /* Frameworks */,
				6EA351B220AC7D1500AF1984 /* Resources */,
				544EFA0E460355E7CC980DCC /* [CP] Embed Pods Frameworks */,
				50C4B577607F7DD01B811376 /* [CP] Copy Pods Resources */,
			);
			buildRules = (
			);
			dependencies = (
			);
			name = TronWallet;
			productName = TronWallet;
			productReference = 6EA351B420AC7D1500AF1984 /* TronWallet.app */;
			productType = "com.apple.product-type.application";
		};
/* End PBXNativeTarget section */

/* Begin PBXProject section */
		6EA351AC20AC7D1500AF1984 /* Project object */ = {
			isa = PBXProject;
			attributes = {
				LastUpgradeCheck = 0900;
				ORGANIZATIONNAME = onesmile;
				TargetAttributes = {
					6EA351B320AC7D1500AF1984 = {
						CreatedOnToolsVersion = 9.0;
						ProvisioningStyle = Automatic;
					};
				};
			};
			buildConfigurationList = 6EA351AF20AC7D1500AF1984 /* Build configuration list for PBXProject "TronWallet" */;
			compatibilityVersion = "Xcode 8.0";
			developmentRegion = en;
			hasScannedForEncodings = 0;
			knownRegions = (
				en,
				Base,
			);
			mainGroup = 6EA351AB20AC7D1500AF1984;
			productRefGroup = 6EA351B520AC7D1500AF1984 /* Products */;
			projectDirPath = "";
			projectReferences = (
				{
					ProductGroup = 6EA3520420AC834400AF1984 /* Products */;
					ProjectRef = 6EA3520320AC834400AF1984 /* ToolKit.xcodeproj */;
				},
			);
			projectRoot = "";
			targets = (
				6EA351B320AC7D1500AF1984 /* TronWallet */,
			);
		};
/* End PBXProject section */

/* Begin PBXReferenceProxy section */
		6EA3520920AC834400AF1984 /* libToolKit.a */ = {
			isa = PBXReferenceProxy;
			fileType = archive.ar;
			path = libToolKit.a;
			remoteRef = 6EA3520820AC834400AF1984 /* PBXContainerItemProxy */;
			sourceTree = BUILT_PRODUCTS_DIR;
		};
		6EA3520B20AC834400AF1984 /* ToolKitTests.xctest */ = {
			isa = PBXReferenceProxy;
			fileType = wrapper.cfbundle;
			path = ToolKitTests.xctest;
			remoteRef = 6EA3520A20AC834400AF1984 /* PBXContainerItemProxy */;
			sourceTree = BUILT_PRODUCTS_DIR;
		};
/* End PBXReferenceProxy section */

/* Begin PBXResourcesBuildPhase section */
		6EA351B220AC7D1500AF1984 /* Resources */ = {
			isa = PBXResourcesBuildPhase;
			buildActionMask = 2147483647;
			files = (
				6EA351C420AC7D1500AF1984 /* LaunchScreen.storyboard in Resources */,
				6EA351C120AC7D1500AF1984 /* Assets.xcassets in Resources */,
				6EA351BF20AC7D1500AF1984 /* Main.storyboard in Resources */,
			);
			runOnlyForDeploymentPostprocessing = 0;
		};
/* End PBXResourcesBuildPhase section */

/* Begin PBXShellScriptBuildPhase section */
		50C4B577607F7DD01B811376 /* [CP] Copy Pods Resources */ = {
			isa = PBXShellScriptBuildPhase;
			buildActionMask = 2147483647;
			files = (
			);
			inputPaths = (
			);
			name = "[CP] Copy Pods Resources";
			outputPaths = (
			);
			runOnlyForDeploymentPostprocessing = 0;
			shellPath = /bin/sh;
			shellScript = "\"${SRCROOT}/Pods/Target Support Files/Pods-TronWallet/Pods-TronWallet-resources.sh\"\n";
			showEnvVarsInLog = 0;
		};
		544EFA0E460355E7CC980DCC /* [CP] Embed Pods Frameworks */ = {
			isa = PBXShellScriptBuildPhase;
			buildActionMask = 2147483647;
			files = (
			);
			inputPaths = (
			);
			name = "[CP] Embed Pods Frameworks";
			outputPaths = (
			);
			runOnlyForDeploymentPostprocessing = 0;
			shellPath = /bin/sh;
			shellScript = "\"${SRCROOT}/Pods/Target Support Files/Pods-TronWallet/Pods-TronWallet-frameworks.sh\"\n";
			showEnvVarsInLog = 0;
		};
		ACFB0BC7AEE20B8FF69FB244 /* [CP] Check Pods Manifest.lock */ = {
			isa = PBXShellScriptBuildPhase;
			buildActionMask = 2147483647;
			files = (
			);
			inputPaths = (
			);
			name = "[CP] Check Pods Manifest.lock";
			outputPaths = (
			);
			runOnlyForDeploymentPostprocessing = 0;
			shellPath = /bin/sh;
			shellScript = "diff \"${PODS_ROOT}/../Podfile.lock\" \"${PODS_ROOT}/Manifest.lock\" > /dev/null\nif [ $? != 0 ] ; then\n    # print error to STDERR\n    echo \"error: The sandbox is not in sync with the Podfile.lock. Run 'pod install' or update your CocoaPods installation.\" >&2\n    exit 1\nfi\n";
			showEnvVarsInLog = 0;
		};
/* End PBXShellScriptBuildPhase section */

/* Begin PBXSourcesBuildPhase section */
		6EA351B020AC7D1500AF1984 /* Sources */ = {
			isa = PBXSourcesBuildPhase;
			buildActionMask = 2147483647;
			files = (
				6EA351BC20AC7D1500AF1984 /* ViewController.m in Sources */,
				6EA351C720AC7D1500AF1984 /* main.m in Sources */,
				6EA3520120AC830A00AF1984 /* TWNetworkManager.m in Sources */,
				6EA351B920AC7D1500AF1984 /* AppDelegate.m in Sources */,
				6EA3520220AC830A00AF1984 /* TWUIInitManager.m in Sources */,
				6EA351FC20AC82C200AF1984 /* WalletViewController.m in Sources */,
				6EA351FA20AC82C200AF1984 /* MainInfoViewController.m in Sources */,
				6EA351FB20AC82C200AF1984 /* SettingViewController.m in Sources */,
			);
			runOnlyForDeploymentPostprocessing = 0;
		};
/* End PBXSourcesBuildPhase section */

/* Begin PBXVariantGroup section */
		6EA351BD20AC7D1500AF1984 /* Main.storyboard */ = {
			isa = PBXVariantGroup;
			children = (
				6EA351BE20AC7D1500AF1984 /* Base */,
			);
			name = Main.storyboard;
			sourceTree = "<group>";
		};
		6EA351C220AC7D1500AF1984 /* LaunchScreen.storyboard */ = {
			isa = PBXVariantGroup;
			children = (
				6EA351C320AC7D1500AF1984 /* Base */,
			);
			name = LaunchScreen.storyboard;
			sourceTree = "<group>";
		};
/* End PBXVariantGroup section */

/* Begin XCBuildConfiguration section */
		6EA351C820AC7D1500AF1984 /* Debug */ = {
			isa = XCBuildConfiguration;
			buildSettings = {
				ALWAYS_SEARCH_USER_PATHS = NO;
				CLANG_ANALYZER_NONNULL = YES;
				CLANG_ANALYZER_NUMBER_OBJECT_CONVERSION = YES_AGGRESSIVE;
				CLANG_CXX_LANGUAGE_STANDARD = "gnu++14";
				CLANG_CXX_LIBRARY = "libc++";
				CLANG_ENABLE_MODULES = YES;
				CLANG_ENABLE_OBJC_ARC = YES;
				CLANG_WARN_BLOCK_CAPTURE_AUTORELEASING = YES;
				CLANG_WARN_BOOL_CONVERSION = YES;
				CLANG_WARN_COMMA = YES;
				CLANG_WARN_CONSTANT_CONVERSION = YES;
				CLANG_WARN_DIRECT_OBJC_ISA_USAGE = YES_ERROR;
				CLANG_WARN_DOCUMENTATION_COMMENTS = YES;
				CLANG_WARN_EMPTY_BODY = YES;
				CLANG_WARN_ENUM_CONVERSION = YES;
				CLANG_WARN_INFINITE_RECURSION = YES;
				CLANG_WARN_INT_CONVERSION = YES;
				CLANG_WARN_NON_LITERAL_NULL_CONVERSION = YES;
				CLANG_WARN_OBJC_LITERAL_CONVERSION = YES;
				CLANG_WARN_OBJC_ROOT_CLASS = YES_ERROR;
				CLANG_WARN_RANGE_LOOP_ANALYSIS = YES;
				CLANG_WARN_STRICT_PROTOTYPES = YES;
				CLANG_WARN_SUSPICIOUS_MOVE = YES;
				CLANG_WARN_UNGUARDED_AVAILABILITY = YES_AGGRESSIVE;
				CLANG_WARN_UNREACHABLE_CODE = YES;
				CLANG_WARN__DUPLICATE_METHOD_MATCH = YES;
				CODE_SIGN_IDENTITY = "iPhone Developer";
				COPY_PHASE_STRIP = NO;
				DEBUG_INFORMATION_FORMAT = dwarf;
				ENABLE_STRICT_OBJC_MSGSEND = YES;
				ENABLE_TESTABILITY = YES;
				GCC_C_LANGUAGE_STANDARD = gnu11;
				GCC_DYNAMIC_NO_PIC = NO;
				GCC_NO_COMMON_BLOCKS = YES;
				GCC_OPTIMIZATION_LEVEL = 0;
				GCC_PREPROCESSOR_DEFINITIONS = (
					"DEBUG=1",
					"$(inherited)",
				);
				GCC_WARN_64_TO_32_BIT_CONVERSION = YES;
				GCC_WARN_ABOUT_RETURN_TYPE = YES_ERROR;
				GCC_WARN_UNDECLARED_SELECTOR = YES;
				GCC_WARN_UNINITIALIZED_AUTOS = YES_AGGRESSIVE;
				GCC_WARN_UNUSED_FUNCTION = YES;
				GCC_WARN_UNUSED_VARIABLE = YES;
				IPHONEOS_DEPLOYMENT_TARGET = 11.0;
				MTL_ENABLE_DEBUG_INFO = YES;
				ONLY_ACTIVE_ARCH = YES;
				SDKROOT = iphoneos;
			};
			name = Debug;
		};
		6EA351C920AC7D1500AF1984 /* Release */ = {
			isa = XCBuildConfiguration;
			buildSettings = {
				ALWAYS_SEARCH_USER_PATHS = NO;
				CLANG_ANALYZER_NONNULL = YES;
				CLANG_ANALYZER_NUMBER_OBJECT_CONVERSION = YES_AGGRESSIVE;
				CLANG_CXX_LANGUAGE_STANDARD = "gnu++14";
				CLANG_CXX_LIBRARY = "libc++";
				CLANG_ENABLE_MODULES = YES;
				CLANG_ENABLE_OBJC_ARC = YES;
				CLANG_WARN_BLOCK_CAPTURE_AUTORELEASING = YES;
				CLANG_WARN_BOOL_CONVERSION = YES;
				CLANG_WARN_COMMA = YES;
				CLANG_WARN_CONSTANT_CONVERSION = YES;
				CLANG_WARN_DIRECT_OBJC_ISA_USAGE = YES_ERROR;
				CLANG_WARN_DOCUMENTATION_COMMENTS = YES;
				CLANG_WARN_EMPTY_BODY = YES;
				CLANG_WARN_ENUM_CONVERSION = YES;
				CLANG_WARN_INFINITE_RECURSION = YES;
				CLANG_WARN_INT_CONVERSION = YES;
				CLANG_WARN_NON_LITERAL_NULL_CONVERSION = YES;
				CLANG_WARN_OBJC_LITERAL_CONVERSION = YES;
				CLANG_WARN_OBJC_ROOT_CLASS = YES_ERROR;
				CLANG_WARN_RANGE_LOOP_ANALYSIS = YES;
				CLANG_WARN_STRICT_PROTOTYPES = YES;
				CLANG_WARN_SUSPICIOUS_MOVE = YES;
				CLANG_WARN_UNGUARDED_AVAILABILITY = YES_AGGRESSIVE;
				CLANG_WARN_UNREACHABLE_CODE = YES;
				CLANG_WARN__DUPLICATE_METHOD_MATCH = YES;
				CODE_SIGN_IDENTITY = "iPhone Developer";
				COPY_PHASE_STRIP = NO;
				DEBUG_INFORMATION_FORMAT = "dwarf-with-dsym";
				ENABLE_NS_ASSERTIONS = NO;
				ENABLE_STRICT_OBJC_MSGSEND = YES;
				GCC_C_LANGUAGE_STANDARD = gnu11;
				GCC_NO_COMMON_BLOCKS = YES;
				GCC_WARN_64_TO_32_BIT_CONVERSION = YES;
				GCC_WARN_ABOUT_RETURN_TYPE = YES_ERROR;
				GCC_WARN_UNDECLARED_SELECTOR = YES;
				GCC_WARN_UNINITIALIZED_AUTOS = YES_AGGRESSIVE;
				GCC_WARN_UNUSED_FUNCTION = YES;
				GCC_WARN_UNUSED_VARIABLE = YES;
				IPHONEOS_DEPLOYMENT_TARGET = 11.0;
				MTL_ENABLE_DEBUG_INFO = NO;
				SDKROOT = iphoneos;
				VALIDATE_PRODUCT = YES;
			};
			name = Release;
		};
		6EA351CB20AC7D1500AF1984 /* Debug */ = {
			isa = XCBuildConfiguration;
			baseConfigurationReference = 88753940E089DDB3C9C183DD /* Pods-TronWallet.debug.xcconfig */;
			buildSettings = {
				ASSETCATALOG_COMPILER_APPICON_NAME = AppIcon;
				CODE_SIGN_STYLE = Automatic;
				GCC_PREFIX_HEADER = TronWallet.pch;
				HEADER_SEARCH_PATHS = (
					"${SRCROOT}/ToolKit/ToolKit/**",
					"$(inherited)",
					"\"${PODS_ROOT}/Headers/Public\"",
					"\"${PODS_ROOT}/Headers/Public/AFNetworking\"",
					"\"${PODS_ROOT}/Headers/Public/CocoaLumberjack\"",
					"\"${PODS_ROOT}/Headers/Public/JSONModel\"",
					"\"${PODS_ROOT}/Headers/Public/MBProgressHUD\"",
					"\"${PODS_ROOT}/Headers/Public/Masonry\"",
					"\"${PODS_ROOT}/Headers/Public/SDWebImage\"",
					"\"${PODS_ROOT}/Headers/Public/SZTextView\"",
					"\"${PODS_ROOT}/Headers/Public/TPKeyboardAvoiding\"",
					"\"${PODS_ROOT}/Headers/Public/WebViewJavascriptBridge\"",
				);
				INFOPLIST_FILE = TronWallet/Info.plist;
				LD_RUNPATH_SEARCH_PATHS = "$(inherited) @executable_path/Frameworks";
				PRODUCT_BUNDLE_IDENTIFIER = com.onesmile.TronWallet;
				PRODUCT_NAME = "$(TARGET_NAME)";
				TARGETED_DEVICE_FAMILY = "1,2";
			};
			name = Debug;
		};
		6EA351CC20AC7D1500AF1984 /* Release */ = {
			isa = XCBuildConfiguration;
			baseConfigurationReference = 268A9A5C3A78189BCD39F032 /* Pods-TronWallet.release.xcconfig */;
			buildSettings = {
				ASSETCATALOG_COMPILER_APPICON_NAME = AppIcon;
				CODE_SIGN_STYLE = Automatic;
				GCC_PREFIX_HEADER = TronWallet.pch;
				HEADER_SEARCH_PATHS = (
					"${SRCROOT}/ToolKit/ToolKit/**",
					"$(inherited)",
					"\"${PODS_ROOT}/Headers/Public\"",
					"\"${PODS_ROOT}/Headers/Public/AFNetworking\"",
					"\"${PODS_ROOT}/Headers/Public/CocoaLumberjack\"",
					"\"${PODS_ROOT}/Headers/Public/JSONModel\"",
					"\"${PODS_ROOT}/Headers/Public/MBProgressHUD\"",
					"\"${PODS_ROOT}/Headers/Public/Masonry\"",
					"\"${PODS_ROOT}/Headers/Public/SDWebImage\"",
					"\"${PODS_ROOT}/Headers/Public/SZTextView\"",
					"\"${PODS_ROOT}/Headers/Public/TPKeyboardAvoiding\"",
					"\"${PODS_ROOT}/Headers/Public/WebViewJavascriptBridge\"",
				);
				INFOPLIST_FILE = TronWallet/Info.plist;
				LD_RUNPATH_SEARCH_PATHS = "$(inherited) @executable_path/Frameworks";
				PRODUCT_BUNDLE_IDENTIFIER = com.onesmile.TronWallet;
				PRODUCT_NAME = "$(TARGET_NAME)";
				TARGETED_DEVICE_FAMILY = "1,2";
			};
			name = Release;
		};
/* End XCBuildConfiguration section */

/* Begin XCConfigurationList section */
		6EA351AF20AC7D1500AF1984 /* Build configuration list for PBXProject "TronWallet" */ = {
			isa = XCConfigurationList;
			buildConfigurations = (
				6EA351C820AC7D1500AF1984 /* Debug */,
				6EA351C920AC7D1500AF1984 /* Release */,
			);
			defaultConfigurationIsVisible = 0;
			defaultConfigurationName = Release;
		};
		6EA351CA20AC7D1500AF1984 /* Build configuration list for PBXNativeTarget "TronWallet" */ = {
			isa = XCConfigurationList;
			buildConfigurations = (
				6EA351CB20AC7D1500AF1984 /* Debug */,
				6EA351CC20AC7D1500AF1984 /* Release */,
			);
			defaultConfigurationIsVisible = 0;
			defaultConfigurationName = Release;
		};
/* End XCConfigurationList section */
	};
	rootObject = 6EA351AC20AC7D1500AF1984 /* Project object */;
}
